// !$*UTF8*$!
{
	archiveVersion = 1;
	classes = {
	};
	objectVersion = 56;
	objects = {

/* Begin PBXBuildFile section */
		E50C2F652B68F25600A428B9 /* pflichtenheft ios.pdf in Resources */ = {isa = PBXBuildFile; fileRef = E50C2F642B68F25600A428B9 /* pflichtenheft ios.pdf */; };
		E50C2F6A2B6A57EC00A428B9 /* Job.swift in Sources */ = {isa = PBXBuildFile; fileRef = E50C2F692B6A57EC00A428B9 /* Job.swift */; };
		E50C2F6C2B6A5FDD00A428B9 /* JobsApiRepository.swift in Sources */ = {isa = PBXBuildFile; fileRef = E50C2F6B2B6A5FDD00A428B9 /* JobsApiRepository.swift */; };
		E50C2F6F2B6A629400A428B9 /* HTTPError.swift in Sources */ = {isa = PBXBuildFile; fileRef = E50C2F6E2B6A629400A428B9 /* HTTPError.swift */; };
		E50C2F712B6A643B00A428B9 /* JobsViewModel.swift in Sources */ = {isa = PBXBuildFile; fileRef = E50C2F702B6A643B00A428B9 /* JobsViewModel.swift */; };
		E50C2F782B6BC33400A428B9 /* JobListItemView.swift in Sources */ = {isa = PBXBuildFile; fileRef = E50C2F772B6BC33400A428B9 /* JobListItemView.swift */; };
		E55543322BA063F700D3E797 /* FavoritesView.swift in Sources */ = {isa = PBXBuildFile; fileRef = E55543312BA063F700D3E797 /* FavoritesView.swift */; };
		E55543342BA0A5CD00D3E797 /* FavoriteListItem.swift in Sources */ = {isa = PBXBuildFile; fileRef = E55543332BA0A5CD00D3E797 /* FavoriteListItem.swift */; };
		E55543362BA0B5D000D3E797 /* Favorite.swift in Sources */ = {isa = PBXBuildFile; fileRef = E55543352BA0B5D000D3E797 /* Favorite.swift */; };
		E592A7502B84EC5A00136663 /* ProfileView.swift in Sources */ = {isa = PBXBuildFile; fileRef = E592A74F2B84EC5A00136663 /* ProfileView.swift */; };
		E5B6B29C2B5E86A700939699 /* JobsAppApp.swift in Sources */ = {isa = PBXBuildFile; fileRef = E5B6B29B2B5E86A700939699 /* JobsAppApp.swift */; };
		E5B6B2A02B5E86A800939699 /* Assets.xcassets in Resources */ = {isa = PBXBuildFile; fileRef = E5B6B29F2B5E86A800939699 /* Assets.xcassets */; };
		E5B6B2A32B5E86A800939699 /* Preview Assets.xcassets in Resources */ = {isa = PBXBuildFile; fileRef = E5B6B2A22B5E86A800939699 /* Preview Assets.xcassets */; };
		E5B6B2AD2B5E890800939699 /* LoginView.swift in Sources */ = {isa = PBXBuildFile; fileRef = E5B6B2AC2B5E890800939699 /* LoginView.swift */; };
		E5B6B2B02B5EB64800939699 /* SignInView.swift in Sources */ = {isa = PBXBuildFile; fileRef = E5B6B2AF2B5EB64800939699 /* SignInView.swift */; };
		E5B6B2B22B5EB68700939699 /* SignUpView.swift in Sources */ = {isa = PBXBuildFile; fileRef = E5B6B2B12B5EB68700939699 /* SignUpView.swift */; };
		E5CA3F5D2B7CDD78003A7C0C /* FavoriteButton.swift in Sources */ = {isa = PBXBuildFile; fileRef = E5CA3F5C2B7CDD78003A7C0C /* FavoriteButton.swift */; };
		E5CA3F612B7E591B003A7C0C /* JobDetailView.swift in Sources */ = {isa = PBXBuildFile; fileRef = E5CA3F602B7E591B003A7C0C /* JobDetailView.swift */; };
		E5CA3F632B7F90AE003A7C0C /* JobDetails.swift in Sources */ = {isa = PBXBuildFile; fileRef = E5CA3F622B7F90AE003A7C0C /* JobDetails.swift */; };
		E5E625B82B6F6ECA0083701D /* JobSearchQuery.swift in Sources */ = {isa = PBXBuildFile; fileRef = E5E625B72B6F6ECA0083701D /* JobSearchQuery.swift */; };
		E5E625BC2B6F73290083701D /* SearchBar.swift in Sources */ = {isa = PBXBuildFile; fileRef = E5E625BB2B6F73290083701D /* SearchBar.swift */; };
		E5EB51D02B61341C001C615B /* FirebaseViewModel.swift in Sources */ = {isa = PBXBuildFile; fileRef = E5EB51CF2B61341C001C615B /* FirebaseViewModel.swift */; };
		E5EB51D52B61372B001C615B /* GoogleService-Info.plist in Resources */ = {isa = PBXBuildFile; fileRef = E5EB51D42B61372B001C615B /* GoogleService-Info.plist */; };
		E5EB51D82B613863001C615B /* FirebaseAnalytics in Frameworks */ = {isa = PBXBuildFile; productRef = E5EB51D72B613863001C615B /* FirebaseAnalytics */; };
		E5EB51DA2B613863001C615B /* FirebaseAnalyticsOnDeviceConversion in Frameworks */ = {isa = PBXBuildFile; productRef = E5EB51D92B613863001C615B /* FirebaseAnalyticsOnDeviceConversion */; };
		E5EB51DC2B613863001C615B /* FirebaseAnalyticsSwift in Frameworks */ = {isa = PBXBuildFile; productRef = E5EB51DB2B613863001C615B /* FirebaseAnalyticsSwift */; };
		E5EB51DE2B613863001C615B /* FirebaseAnalyticsWithoutAdIdSupport in Frameworks */ = {isa = PBXBuildFile; productRef = E5EB51DD2B613863001C615B /* FirebaseAnalyticsWithoutAdIdSupport */; };
		E5EB51E02B613863001C615B /* FirebaseAppCheck in Frameworks */ = {isa = PBXBuildFile; productRef = E5EB51DF2B613863001C615B /* FirebaseAppCheck */; };
		E5EB51E22B613863001C615B /* FirebaseAppDistribution-Beta in Frameworks */ = {isa = PBXBuildFile; productRef = E5EB51E12B613863001C615B /* FirebaseAppDistribution-Beta */; };
		E5EB51E42B613863001C615B /* FirebaseAuth in Frameworks */ = {isa = PBXBuildFile; productRef = E5EB51E32B613863001C615B /* FirebaseAuth */; };
		E5EB51E62B613863001C615B /* FirebaseAuthCombine-Community in Frameworks */ = {isa = PBXBuildFile; productRef = E5EB51E52B613863001C615B /* FirebaseAuthCombine-Community */; };
		E5EB51E82B613863001C615B /* FirebaseCrashlytics in Frameworks */ = {isa = PBXBuildFile; productRef = E5EB51E72B613863001C615B /* FirebaseCrashlytics */; };
		E5EB51EA2B613863001C615B /* FirebaseDatabase in Frameworks */ = {isa = PBXBuildFile; productRef = E5EB51E92B613863001C615B /* FirebaseDatabase */; };
		E5EB51EC2B613863001C615B /* FirebaseDatabaseSwift in Frameworks */ = {isa = PBXBuildFile; productRef = E5EB51EB2B613863001C615B /* FirebaseDatabaseSwift */; };
		E5EB51EE2B613863001C615B /* FirebaseDynamicLinks in Frameworks */ = {isa = PBXBuildFile; productRef = E5EB51ED2B613863001C615B /* FirebaseDynamicLinks */; };
		E5EB51F02B613863001C615B /* FirebaseFirestore in Frameworks */ = {isa = PBXBuildFile; productRef = E5EB51EF2B613863001C615B /* FirebaseFirestore */; };
		E5EB51F22B613863001C615B /* FirebaseFirestoreCombine-Community in Frameworks */ = {isa = PBXBuildFile; productRef = E5EB51F12B613863001C615B /* FirebaseFirestoreCombine-Community */; };
		E5EB51F42B613863001C615B /* FirebaseFirestoreSwift in Frameworks */ = {isa = PBXBuildFile; productRef = E5EB51F32B613863001C615B /* FirebaseFirestoreSwift */; };
		E5EB51F62B613863001C615B /* FirebaseFunctions in Frameworks */ = {isa = PBXBuildFile; productRef = E5EB51F52B613863001C615B /* FirebaseFunctions */; };
		E5EB51F82B613863001C615B /* FirebaseFunctionsCombine-Community in Frameworks */ = {isa = PBXBuildFile; productRef = E5EB51F72B613863001C615B /* FirebaseFunctionsCombine-Community */; };
		E5EB51FA2B613863001C615B /* FirebaseInAppMessaging-Beta in Frameworks */ = {isa = PBXBuildFile; productRef = E5EB51F92B613863001C615B /* FirebaseInAppMessaging-Beta */; };
		E5EB51FC2B613863001C615B /* FirebaseInAppMessagingSwift-Beta in Frameworks */ = {isa = PBXBuildFile; productRef = E5EB51FB2B613863001C615B /* FirebaseInAppMessagingSwift-Beta */; };
		E5EB51FE2B613863001C615B /* FirebaseInstallations in Frameworks */ = {isa = PBXBuildFile; productRef = E5EB51FD2B613863001C615B /* FirebaseInstallations */; };
		E5EB52002B613863001C615B /* FirebaseMLModelDownloader in Frameworks */ = {isa = PBXBuildFile; productRef = E5EB51FF2B613863001C615B /* FirebaseMLModelDownloader */; };
		E5EB52022B613863001C615B /* FirebaseMessaging in Frameworks */ = {isa = PBXBuildFile; productRef = E5EB52012B613863001C615B /* FirebaseMessaging */; };
		E5EB52042B613863001C615B /* FirebasePerformance in Frameworks */ = {isa = PBXBuildFile; productRef = E5EB52032B613863001C615B /* FirebasePerformance */; };
		E5EB52062B613863001C615B /* FirebaseRemoteConfig in Frameworks */ = {isa = PBXBuildFile; productRef = E5EB52052B613863001C615B /* FirebaseRemoteConfig */; };
		E5EB52082B613863001C615B /* FirebaseRemoteConfigSwift in Frameworks */ = {isa = PBXBuildFile; productRef = E5EB52072B613863001C615B /* FirebaseRemoteConfigSwift */; };
		E5EB520A2B613863001C615B /* FirebaseStorage in Frameworks */ = {isa = PBXBuildFile; productRef = E5EB52092B613863001C615B /* FirebaseStorage */; };
		E5EB520C2B613863001C615B /* FirebaseStorageCombine-Community in Frameworks */ = {isa = PBXBuildFile; productRef = E5EB520B2B613863001C615B /* FirebaseStorageCombine-Community */; };
		E5EB520F2B614C19001C615B /* HomeView.swift in Sources */ = {isa = PBXBuildFile; fileRef = E5EB520E2B614C19001C615B /* HomeView.swift */; };
		E5FB7A872BA8566700B07938 /* MailHelper.swift in Sources */ = {isa = PBXBuildFile; fileRef = E5FB7A862BA8566700B07938 /* MailHelper.swift */; };
		E5FB7A892BA857B100B07938 /* SendMailView.swift in Sources */ = {isa = PBXBuildFile; fileRef = E5FB7A882BA857B100B07938 /* SendMailView.swift */; };
/* End PBXBuildFile section */

/* Begin PBXFileReference section */
		E50C2F642B68F25600A428B9 /* pflichtenheft ios.pdf */ = {isa = PBXFileReference; lastKnownFileType = image.pdf; path = "pflichtenheft ios.pdf"; sourceTree = "<group>"; };
		E50C2F692B6A57EC00A428B9 /* Job.swift */ = {isa = PBXFileReference; lastKnownFileType = sourcecode.swift; path = Job.swift; sourceTree = "<group>"; };
		E50C2F6B2B6A5FDD00A428B9 /* JobsApiRepository.swift */ = {isa = PBXFileReference; lastKnownFileType = sourcecode.swift; path = JobsApiRepository.swift; sourceTree = "<group>"; };
		E50C2F6E2B6A629400A428B9 /* HTTPError.swift */ = {isa = PBXFileReference; lastKnownFileType = sourcecode.swift; path = HTTPError.swift; sourceTree = "<group>"; };
		E50C2F702B6A643B00A428B9 /* JobsViewModel.swift */ = {isa = PBXFileReference; lastKnownFileType = sourcecode.swift; path = JobsViewModel.swift; sourceTree = "<group>"; };
		E50C2F772B6BC33400A428B9 /* JobListItemView.swift */ = {isa = PBXFileReference; lastKnownFileType = sourcecode.swift; path = JobListItemView.swift; sourceTree = "<group>"; };
		E55543312BA063F700D3E797 /* FavoritesView.swift */ = {isa = PBXFileReference; lastKnownFileType = sourcecode.swift; path = FavoritesView.swift; sourceTree = "<group>"; };
		E55543332BA0A5CD00D3E797 /* FavoriteListItem.swift */ = {isa = PBXFileReference; lastKnownFileType = sourcecode.swift; path = FavoriteListItem.swift; sourceTree = "<group>"; };
		E55543352BA0B5D000D3E797 /* Favorite.swift */ = {isa = PBXFileReference; lastKnownFileType = sourcecode.swift; path = Favorite.swift; sourceTree = "<group>"; };
		E592A74F2B84EC5A00136663 /* ProfileView.swift */ = {isa = PBXFileReference; lastKnownFileType = sourcecode.swift; path = ProfileView.swift; sourceTree = "<group>"; };
		E5B6B2982B5E86A700939699 /* JobsApp.app */ = {isa = PBXFileReference; explicitFileType = wrapper.application; includeInIndex = 0; path = JobsApp.app; sourceTree = BUILT_PRODUCTS_DIR; };
		E5B6B29B2B5E86A700939699 /* JobsAppApp.swift */ = {isa = PBXFileReference; lastKnownFileType = sourcecode.swift; path = JobsAppApp.swift; sourceTree = "<group>"; };
		E5B6B29F2B5E86A800939699 /* Assets.xcassets */ = {isa = PBXFileReference; lastKnownFileType = folder.assetcatalog; path = Assets.xcassets; sourceTree = "<group>"; };
		E5B6B2A22B5E86A800939699 /* Preview Assets.xcassets */ = {isa = PBXFileReference; lastKnownFileType = folder.assetcatalog; path = "Preview Assets.xcassets"; sourceTree = "<group>"; };
		E5B6B2AC2B5E890800939699 /* LoginView.swift */ = {isa = PBXFileReference; lastKnownFileType = sourcecode.swift; path = LoginView.swift; sourceTree = "<group>"; };
		E5B6B2AF2B5EB64800939699 /* SignInView.swift */ = {isa = PBXFileReference; lastKnownFileType = sourcecode.swift; path = SignInView.swift; sourceTree = "<group>"; };
		E5B6B2B12B5EB68700939699 /* SignUpView.swift */ = {isa = PBXFileReference; lastKnownFileType = sourcecode.swift; path = SignUpView.swift; sourceTree = "<group>"; };
		E5CA3F5C2B7CDD78003A7C0C /* FavoriteButton.swift */ = {isa = PBXFileReference; lastKnownFileType = sourcecode.swift; path = FavoriteButton.swift; sourceTree = "<group>"; };
		E5CA3F602B7E591B003A7C0C /* JobDetailView.swift */ = {isa = PBXFileReference; lastKnownFileType = sourcecode.swift; path = JobDetailView.swift; sourceTree = "<group>"; };
		E5CA3F622B7F90AE003A7C0C /* JobDetails.swift */ = {isa = PBXFileReference; lastKnownFileType = sourcecode.swift; path = JobDetails.swift; sourceTree = "<group>"; };
		E5E625B72B6F6ECA0083701D /* JobSearchQuery.swift */ = {isa = PBXFileReference; lastKnownFileType = sourcecode.swift; path = JobSearchQuery.swift; sourceTree = "<group>"; };
		E5E625BB2B6F73290083701D /* SearchBar.swift */ = {isa = PBXFileReference; lastKnownFileType = sourcecode.swift; path = SearchBar.swift; sourceTree = "<group>"; };
		E5EB51CF2B61341C001C615B /* FirebaseViewModel.swift */ = {isa = PBXFileReference; lastKnownFileType = sourcecode.swift; path = FirebaseViewModel.swift; sourceTree = "<group>"; };
		E5EB51D42B61372B001C615B /* GoogleService-Info.plist */ = {isa = PBXFileReference; fileEncoding = 4; lastKnownFileType = text.plist.xml; path = "GoogleService-Info.plist"; sourceTree = "<group>"; };
		E5EB520E2B614C19001C615B /* HomeView.swift */ = {isa = PBXFileReference; lastKnownFileType = sourcecode.swift; path = HomeView.swift; sourceTree = "<group>"; };
		E5FB7A862BA8566700B07938 /* MailHelper.swift */ = {isa = PBXFileReference; lastKnownFileType = sourcecode.swift; path = MailHelper.swift; sourceTree = "<group>"; };
		E5FB7A882BA857B100B07938 /* SendMailView.swift */ = {isa = PBXFileReference; lastKnownFileType = sourcecode.swift; path = SendMailView.swift; sourceTree = "<group>"; };
/* End PBXFileReference section */

/* Begin PBXFrameworksBuildPhase section */
		E5B6B2952B5E86A700939699 /* Frameworks */ = {
			isa = PBXFrameworksBuildPhase;
			buildActionMask = 2147483647;
			files = (
				E5EB51EA2B613863001C615B /* FirebaseDatabase in Frameworks */,
				E5EB51F82B613863001C615B /* FirebaseFunctionsCombine-Community in Frameworks */,
				E5EB51F02B613863001C615B /* FirebaseFirestore in Frameworks */,
				E5EB51DC2B613863001C615B /* FirebaseAnalyticsSwift in Frameworks */,
				E5EB51D82B613863001C615B /* FirebaseAnalytics in Frameworks */,
				E5EB51DA2B613863001C615B /* FirebaseAnalyticsOnDeviceConversion in Frameworks */,
				E5EB52002B613863001C615B /* FirebaseMLModelDownloader in Frameworks */,
				E5EB51F42B613863001C615B /* FirebaseFirestoreSwift in Frameworks */,
				E5EB51E02B613863001C615B /* FirebaseAppCheck in Frameworks */,
				E5EB51DE2B613863001C615B /* FirebaseAnalyticsWithoutAdIdSupport in Frameworks */,
				E5EB51E42B613863001C615B /* FirebaseAuth in Frameworks */,
				E5EB51E82B613863001C615B /* FirebaseCrashlytics in Frameworks */,
				E5EB52082B613863001C615B /* FirebaseRemoteConfigSwift in Frameworks */,
				E5EB51FA2B613863001C615B /* FirebaseInAppMessaging-Beta in Frameworks */,
				E5EB51EC2B613863001C615B /* FirebaseDatabaseSwift in Frameworks */,
				E5EB51F62B613863001C615B /* FirebaseFunctions in Frameworks */,
				E5EB520C2B613863001C615B /* FirebaseStorageCombine-Community in Frameworks */,
				E5EB52062B613863001C615B /* FirebaseRemoteConfig in Frameworks */,
				E5EB51E22B613863001C615B /* FirebaseAppDistribution-Beta in Frameworks */,
				E5EB51E62B613863001C615B /* FirebaseAuthCombine-Community in Frameworks */,
				E5EB52042B613863001C615B /* FirebasePerformance in Frameworks */,
				E5EB51FC2B613863001C615B /* FirebaseInAppMessagingSwift-Beta in Frameworks */,
				E5EB520A2B613863001C615B /* FirebaseStorage in Frameworks */,
				E5EB51EE2B613863001C615B /* FirebaseDynamicLinks in Frameworks */,
				E5EB51F22B613863001C615B /* FirebaseFirestoreCombine-Community in Frameworks */,
				E5EB52022B613863001C615B /* FirebaseMessaging in Frameworks */,
				E5EB51FE2B613863001C615B /* FirebaseInstallations in Frameworks */,
			);
			runOnlyForDeploymentPostprocessing = 0;
		};
/* End PBXFrameworksBuildPhase section */

/* Begin PBXGroup section */
		E50C2F682B6A56D500A428B9 /* Repositories */ = {
			isa = PBXGroup;
			children = (
				E50C2F6B2B6A5FDD00A428B9 /* JobsApiRepository.swift */,
			);
			path = Repositories;
			sourceTree = "<group>";
		};
		E50C2F6D2B6A625200A428B9 /* Enums */ = {
			isa = PBXGroup;
			children = (
				E50C2F6E2B6A629400A428B9 /* HTTPError.swift */,
			);
			path = Enums;
			sourceTree = "<group>";
		};
		E50C2F722B6BAAB600A428B9 /* Data */ = {
			isa = PBXGroup;
			children = (
				E5FB7A862BA8566700B07938 /* MailHelper.swift */,
				E50C2F692B6A57EC00A428B9 /* Job.swift */,
				E5E625B72B6F6ECA0083701D /* JobSearchQuery.swift */,
				E5CA3F622B7F90AE003A7C0C /* JobDetails.swift */,
				E55543352BA0B5D000D3E797 /* Favorite.swift */,
			);
			path = Data;
			sourceTree = "<group>";
		};
		E5B6B28F2B5E86A700939699 = {
			isa = PBXGroup;
			children = (
				E5B6B29A2B5E86A700939699 /* JobsApp */,
				E5B6B2992B5E86A700939699 /* Products */,
			);
			sourceTree = "<group>";
		};
		E5B6B2992B5E86A700939699 /* Products */ = {
			isa = PBXGroup;
			children = (
				E5B6B2982B5E86A700939699 /* JobsApp.app */,
			);
			name = Products;
			sourceTree = "<group>";
		};
		E5B6B29A2B5E86A700939699 /* JobsApp */ = {
			isa = PBXGroup;
			children = (
				E50C2F6D2B6A625200A428B9 /* Enums */,
				E50C2F682B6A56D500A428B9 /* Repositories */,
				E5B6B2AB2B5E87F900939699 /* ViewModel */,
				E5B6B2AA2B5E87ED00939699 /* View */,
				E5B6B2A92B5E87E500939699 /* Model */,
				E5B6B29B2B5E86A700939699 /* JobsAppApp.swift */,
				E5B6B29F2B5E86A800939699 /* Assets.xcassets */,
				E5EB51D42B61372B001C615B /* GoogleService-Info.plist */,
				E5B6B2A12B5E86A800939699 /* Preview Content */,
			);
			path = JobsApp;
			sourceTree = "<group>";
		};
		E5B6B2A12B5E86A800939699 /* Preview Content */ = {
			isa = PBXGroup;
			children = (
				E50C2F642B68F25600A428B9 /* pflichtenheft ios.pdf */,
				E5B6B2A22B5E86A800939699 /* Preview Assets.xcassets */,
			);
			path = "Preview Content";
			sourceTree = "<group>";
		};
		E5B6B2A92B5E87E500939699 /* Model */ = {
			isa = PBXGroup;
			children = (
				E50C2F722B6BAAB600A428B9 /* Data */,
				E50C2F772B6BC33400A428B9 /* JobListItemView.swift */,
				E5E625BB2B6F73290083701D /* SearchBar.swift */,
				E5CA3F5C2B7CDD78003A7C0C /* FavoriteButton.swift */,
				E55543332BA0A5CD00D3E797 /* FavoriteListItem.swift */,
			);
			path = Model;
			sourceTree = "<group>";
		};
		E5B6B2AA2B5E87ED00939699 /* View */ = {
			isa = PBXGroup;
			children = (
				E5FB7A8A2BA9A74B00B07938 /* Sheets */,
				E5EB520D2B614BE6001C615B /* Main */,
				E5B6B2AE2B5EB61900939699 /* Login */,
			);
			path = View;
			sourceTree = "<group>";
		};
		E5B6B2AB2B5E87F900939699 /* ViewModel */ = {
			isa = PBXGroup;
			children = (
				E5EB51CF2B61341C001C615B /* FirebaseViewModel.swift */,
				E50C2F702B6A643B00A428B9 /* JobsViewModel.swift */,
			);
			path = ViewModel;
			sourceTree = "<group>";
		};
		E5B6B2AE2B5EB61900939699 /* Login */ = {
			isa = PBXGroup;
			children = (
				E5B6B2AC2B5E890800939699 /* LoginView.swift */,
				E5B6B2AF2B5EB64800939699 /* SignInView.swift */,
				E5B6B2B12B5EB68700939699 /* SignUpView.swift */,
			);
			path = Login;
			sourceTree = "<group>";
		};
		E5EB520D2B614BE6001C615B /* Main */ = {
			isa = PBXGroup;
			children = (
				E5EB520E2B614C19001C615B /* HomeView.swift */,
				E5CA3F602B7E591B003A7C0C /* JobDetailView.swift */,
				E592A74F2B84EC5A00136663 /* ProfileView.swift */,
				E55543312BA063F700D3E797 /* FavoritesView.swift */,
			);
			path = Main;
			sourceTree = "<group>";
		};
		E5FB7A8A2BA9A74B00B07938 /* Sheets */ = {
			isa = PBXGroup;
			children = (
				E5FB7A882BA857B100B07938 /* SendMailView.swift */,
			);
			path = Sheets;
			sourceTree = "<group>";
		};
/* End PBXGroup section */

/* Begin PBXNativeTarget section */
		E5B6B2972B5E86A700939699 /* JobsApp */ = {
			isa = PBXNativeTarget;
			buildConfigurationList = E5B6B2A62B5E86A800939699 /* Build configuration list for PBXNativeTarget "JobsApp" */;
			buildPhases = (
				E5B6B2942B5E86A700939699 /* Sources */,
				E5B6B2952B5E86A700939699 /* Frameworks */,
				E5B6B2962B5E86A700939699 /* Resources */,
			);
			buildRules = (
			);
			dependencies = (
			);
			name = JobsApp;
			packageProductDependencies = (
				E5EB51D72B613863001C615B /* FirebaseAnalytics */,
				E5EB51D92B613863001C615B /* FirebaseAnalyticsOnDeviceConversion */,
				E5EB51DB2B613863001C615B /* FirebaseAnalyticsSwift */,
				E5EB51DD2B613863001C615B /* FirebaseAnalyticsWithoutAdIdSupport */,
				E5EB51DF2B613863001C615B /* FirebaseAppCheck */,
				E5EB51E12B613863001C615B /* FirebaseAppDistribution-Beta */,
				E5EB51E32B613863001C615B /* FirebaseAuth */,
				E5EB51E52B613863001C615B /* FirebaseAuthCombine-Community */,
				E5EB51E72B613863001C615B /* FirebaseCrashlytics */,
				E5EB51E92B613863001C615B /* FirebaseDatabase */,
				E5EB51EB2B613863001C615B /* FirebaseDatabaseSwift */,
				E5EB51ED2B613863001C615B /* FirebaseDynamicLinks */,
				E5EB51EF2B613863001C615B /* FirebaseFirestore */,
				E5EB51F12B613863001C615B /* FirebaseFirestoreCombine-Community */,
				E5EB51F32B613863001C615B /* FirebaseFirestoreSwift */,
				E5EB51F52B613863001C615B /* FirebaseFunctions */,
				E5EB51F72B613863001C615B /* FirebaseFunctionsCombine-Community */,
				E5EB51F92B613863001C615B /* FirebaseInAppMessaging-Beta */,
				E5EB51FB2B613863001C615B /* FirebaseInAppMessagingSwift-Beta */,
				E5EB51FD2B613863001C615B /* FirebaseInstallations */,
				E5EB51FF2B613863001C615B /* FirebaseMLModelDownloader */,
				E5EB52012B613863001C615B /* FirebaseMessaging */,
				E5EB52032B613863001C615B /* FirebasePerformance */,
				E5EB52052B613863001C615B /* FirebaseRemoteConfig */,
				E5EB52072B613863001C615B /* FirebaseRemoteConfigSwift */,
				E5EB52092B613863001C615B /* FirebaseStorage */,
				E5EB520B2B613863001C615B /* FirebaseStorageCombine-Community */,
			);
			productName = JobsApp;
			productReference = E5B6B2982B5E86A700939699 /* JobsApp.app */;
			productType = "com.apple.product-type.application";
		};
/* End PBXNativeTarget section */

/* Begin PBXProject section */
		E5B6B2902B5E86A700939699 /* Project object */ = {
			isa = PBXProject;
			attributes = {
				BuildIndependentTargetsInParallel = 1;
				LastSwiftUpdateCheck = 1520;
				LastUpgradeCheck = 1520;
				TargetAttributes = {
					E5B6B2972B5E86A700939699 = {
						CreatedOnToolsVersion = 15.2;
					};
				};
			};
			buildConfigurationList = E5B6B2932B5E86A700939699 /* Build configuration list for PBXProject "JobsApp" */;
			compatibilityVersion = "Xcode 14.0";
			developmentRegion = en;
			hasScannedForEncodings = 0;
			knownRegions = (
				en,
				Base,
			);
			mainGroup = E5B6B28F2B5E86A700939699;
			packageReferences = (
				E5EB51D62B613863001C615B /* XCRemoteSwiftPackageReference "firebase-ios-sdk" */,
			);
			productRefGroup = E5B6B2992B5E86A700939699 /* Products */;
			projectDirPath = "";
			projectRoot = "";
			targets = (
				E5B6B2972B5E86A700939699 /* JobsApp */,
			);
		};
/* End PBXProject section */

/* Begin PBXResourcesBuildPhase section */
		E5B6B2962B5E86A700939699 /* Resources */ = {
			isa = PBXResourcesBuildPhase;
			buildActionMask = 2147483647;
			files = (
				E50C2F652B68F25600A428B9 /* pflichtenheft ios.pdf in Resources */,
				E5B6B2A32B5E86A800939699 /* Preview Assets.xcassets in Resources */,
				E5B6B2A02B5E86A800939699 /* Assets.xcassets in Resources */,
				E5EB51D52B61372B001C615B /* GoogleService-Info.plist in Resources */,
			);
			runOnlyForDeploymentPostprocessing = 0;
		};
/* End PBXResourcesBuildPhase section */

/* Begin PBXSourcesBuildPhase section */
		E5B6B2942B5E86A700939699 /* Sources */ = {
			isa = PBXSourcesBuildPhase;
			buildActionMask = 2147483647;
			files = (
				E5E625BC2B6F73290083701D /* SearchBar.swift in Sources */,
				E50C2F712B6A643B00A428B9 /* JobsViewModel.swift in Sources */,
				E5B6B2B22B5EB68700939699 /* SignUpView.swift in Sources */,
				E5E625B82B6F6ECA0083701D /* JobSearchQuery.swift in Sources */,
				E50C2F6F2B6A629400A428B9 /* HTTPError.swift in Sources */,
				E55543362BA0B5D000D3E797 /* Favorite.swift in Sources */,
				E50C2F782B6BC33400A428B9 /* JobListItemView.swift in Sources */,
				E5FB7A892BA857B100B07938 /* SendMailView.swift in Sources */,
				E5B6B2B02B5EB64800939699 /* SignInView.swift in Sources */,
				E5CA3F612B7E591B003A7C0C /* JobDetailView.swift in Sources */,
				E55543322BA063F700D3E797 /* FavoritesView.swift in Sources */,
				E50C2F6C2B6A5FDD00A428B9 /* JobsApiRepository.swift in Sources */,
				E592A7502B84EC5A00136663 /* ProfileView.swift in Sources */,
				E5FB7A872BA8566700B07938 /* MailHelper.swift in Sources */,
				E5B6B2AD2B5E890800939699 /* LoginView.swift in Sources */,
				E5EB520F2B614C19001C615B /* HomeView.swift in Sources */,
				E5B6B29C2B5E86A700939699 /* JobsAppApp.swift in Sources */,
				E5CA3F632B7F90AE003A7C0C /* JobDetails.swift in Sources */,
				E55543342BA0A5CD00D3E797 /* FavoriteListItem.swift in Sources */,
				E5CA3F5D2B7CDD78003A7C0C /* FavoriteButton.swift in Sources */,
				E50C2F6A2B6A57EC00A428B9 /* Job.swift in Sources */,
				E5EB51D02B61341C001C615B /* FirebaseViewModel.swift in Sources */,
			);
			runOnlyForDeploymentPostprocessing = 0;
		};
/* End PBXSourcesBuildPhase section */

/* Begin XCBuildConfiguration section */
		E5B6B2A42B5E86A800939699 /* Debug */ = {
			isa = XCBuildConfiguration;
			buildSettings = {
				ALWAYS_SEARCH_USER_PATHS = NO;
				ASSETCATALOG_COMPILER_GENERATE_SWIFT_ASSET_SYMBOL_EXTENSIONS = YES;
				CLANG_ANALYZER_NONNULL = YES;
				CLANG_ANALYZER_NUMBER_OBJECT_CONVERSION = YES_AGGRESSIVE;
				CLANG_CXX_LANGUAGE_STANDARD = "gnu++20";
				CLANG_ENABLE_MODULES = YES;
				CLANG_ENABLE_OBJC_ARC = YES;
				CLANG_ENABLE_OBJC_WEAK = YES;
				CLANG_WARN_BLOCK_CAPTURE_AUTORELEASING = YES;
				CLANG_WARN_BOOL_CONVERSION = YES;
				CLANG_WARN_COMMA = YES;
				CLANG_WARN_CONSTANT_CONVERSION = YES;
				CLANG_WARN_DEPRECATED_OBJC_IMPLEMENTATIONS = YES;
				CLANG_WARN_DIRECT_OBJC_ISA_USAGE = YES_ERROR;
				CLANG_WARN_DOCUMENTATION_COMMENTS = YES;
				CLANG_WARN_EMPTY_BODY = YES;
				CLANG_WARN_ENUM_CONVERSION = YES;
				CLANG_WARN_INFINITE_RECURSION = YES;
				CLANG_WARN_INT_CONVERSION = YES;
				CLANG_WARN_NON_LITERAL_NULL_CONVERSION = YES;
				CLANG_WARN_OBJC_IMPLICIT_RETAIN_SELF = YES;
				CLANG_WARN_OBJC_LITERAL_CONVERSION = YES;
				CLANG_WARN_OBJC_ROOT_CLASS = YES_ERROR;
				CLANG_WARN_QUOTED_INCLUDE_IN_FRAMEWORK_HEADER = YES;
				CLANG_WARN_RANGE_LOOP_ANALYSIS = YES;
				CLANG_WARN_STRICT_PROTOTYPES = YES;
				CLANG_WARN_SUSPICIOUS_MOVE = YES;
				CLANG_WARN_UNGUARDED_AVAILABILITY = YES_AGGRESSIVE;
				CLANG_WARN_UNREACHABLE_CODE = YES;
				CLANG_WARN__DUPLICATE_METHOD_MATCH = YES;
				COPY_PHASE_STRIP = NO;
				DEBUG_INFORMATION_FORMAT = dwarf;
				ENABLE_STRICT_OBJC_MSGSEND = YES;
				ENABLE_TESTABILITY = YES;
				ENABLE_USER_SCRIPT_SANDBOXING = YES;
				GCC_C_LANGUAGE_STANDARD = gnu17;
				GCC_DYNAMIC_NO_PIC = NO;
				GCC_NO_COMMON_BLOCKS = YES;
				GCC_OPTIMIZATION_LEVEL = 0;
				GCC_PREPROCESSOR_DEFINITIONS = (
					"DEBUG=1",
					"$(inherited)",
				);
				GCC_WARN_64_TO_32_BIT_CONVERSION = YES;
				GCC_WARN_ABOUT_RETURN_TYPE = YES_ERROR;
				GCC_WARN_UNDECLARED_SELECTOR = YES;
				GCC_WARN_UNINITIALIZED_AUTOS = YES_AGGRESSIVE;
				GCC_WARN_UNUSED_FUNCTION = YES;
				GCC_WARN_UNUSED_VARIABLE = YES;
				IPHONEOS_DEPLOYMENT_TARGET = 17.2;
				LOCALIZATION_PREFERS_STRING_CATALOGS = YES;
				MTL_ENABLE_DEBUG_INFO = INCLUDE_SOURCE;
				MTL_FAST_MATH = YES;
				ONLY_ACTIVE_ARCH = YES;
				SDKROOT = iphoneos;
				SWIFT_ACTIVE_COMPILATION_CONDITIONS = "DEBUG $(inherited)";
				SWIFT_OPTIMIZATION_LEVEL = "-Onone";
			};
			name = Debug;
		};
		E5B6B2A52B5E86A800939699 /* Release */ = {
			isa = XCBuildConfiguration;
			buildSettings = {
				ALWAYS_SEARCH_USER_PATHS = NO;
				ASSETCATALOG_COMPILER_GENERATE_SWIFT_ASSET_SYMBOL_EXTENSIONS = YES;
				CLANG_ANALYZER_NONNULL = YES;
				CLANG_ANALYZER_NUMBER_OBJECT_CONVERSION = YES_AGGRESSIVE;
				CLANG_CXX_LANGUAGE_STANDARD = "gnu++20";
				CLANG_ENABLE_MODULES = YES;
				CLANG_ENABLE_OBJC_ARC = YES;
				CLANG_ENABLE_OBJC_WEAK = YES;
				CLANG_WARN_BLOCK_CAPTURE_AUTORELEASING = YES;
				CLANG_WARN_BOOL_CONVERSION = YES;
				CLANG_WARN_COMMA = YES;
				CLANG_WARN_CONSTANT_CONVERSION = YES;
				CLANG_WARN_DEPRECATED_OBJC_IMPLEMENTATIONS = YES;
				CLANG_WARN_DIRECT_OBJC_ISA_USAGE = YES_ERROR;
				CLANG_WARN_DOCUMENTATION_COMMENTS = YES;
				CLANG_WARN_EMPTY_BODY = YES;
				CLANG_WARN_ENUM_CONVERSION = YES;
				CLANG_WARN_INFINITE_RECURSION = YES;
				CLANG_WARN_INT_CONVERSION = YES;
				CLANG_WARN_NON_LITERAL_NULL_CONVERSION = YES;
				CLANG_WARN_OBJC_IMPLICIT_RETAIN_SELF = YES;
				CLANG_WARN_OBJC_LITERAL_CONVERSION = YES;
				CLANG_WARN_OBJC_ROOT_CLASS = YES_ERROR;
				CLANG_WARN_QUOTED_INCLUDE_IN_FRAMEWORK_HEADER = YES;
				CLANG_WARN_RANGE_LOOP_ANALYSIS = YES;
				CLANG_WARN_STRICT_PROTOTYPES = YES;
				CLANG_WARN_SUSPICIOUS_MOVE = YES;
				CLANG_WARN_UNGUARDED_AVAILABILITY = YES_AGGRESSIVE;
				CLANG_WARN_UNREACHABLE_CODE = YES;
				CLANG_WARN__DUPLICATE_METHOD_MATCH = YES;
				COPY_PHASE_STRIP = NO;
				DEBUG_INFORMATION_FORMAT = "dwarf-with-dsym";
				ENABLE_NS_ASSERTIONS = NO;
				ENABLE_STRICT_OBJC_MSGSEND = YES;
				ENABLE_USER_SCRIPT_SANDBOXING = YES;
				GCC_C_LANGUAGE_STANDARD = gnu17;
				GCC_NO_COMMON_BLOCKS = YES;
				GCC_WARN_64_TO_32_BIT_CONVERSION = YES;
				GCC_WARN_ABOUT_RETURN_TYPE = YES_ERROR;
				GCC_WARN_UNDECLARED_SELECTOR = YES;
				GCC_WARN_UNINITIALIZED_AUTOS = YES_AGGRESSIVE;
				GCC_WARN_UNUSED_FUNCTION = YES;
				GCC_WARN_UNUSED_VARIABLE = YES;
				IPHONEOS_DEPLOYMENT_TARGET = 17.2;
				LOCALIZATION_PREFERS_STRING_CATALOGS = YES;
				MTL_ENABLE_DEBUG_INFO = NO;
				MTL_FAST_MATH = YES;
				SDKROOT = iphoneos;
				SWIFT_COMPILATION_MODE = wholemodule;
				VALIDATE_PRODUCT = YES;
			};
			name = Release;
		};
		E5B6B2A72B5E86A800939699 /* Debug */ = {
			isa = XCBuildConfiguration;
			buildSettings = {
				ASSETCATALOG_COMPILER_APPICON_NAME = AppIcon;
				ASSETCATALOG_COMPILER_GLOBAL_ACCENT_COLOR_NAME = AccentColor;
				CODE_SIGN_STYLE = Automatic;
				CURRENT_PROJECT_VERSION = 1;
				DEVELOPMENT_ASSET_PATHS = "\"JobsApp/Preview Content\"";
				ENABLE_PREVIEWS = YES;
				GENERATE_INFOPLIST_FILE = YES;
				INFOPLIST_KEY_UIApplicationSceneManifest_Generation = YES;
				INFOPLIST_KEY_UIApplicationSupportsIndirectInputEvents = YES;
				INFOPLIST_KEY_UILaunchScreen_Generation = YES;
				INFOPLIST_KEY_UISupportedInterfaceOrientations_iPad = "UIInterfaceOrientationPortrait UIInterfaceOrientationPortraitUpsideDown UIInterfaceOrientationLandscapeLeft UIInterfaceOrientationLandscapeRight";
				INFOPLIST_KEY_UISupportedInterfaceOrientations_iPhone = "UIInterfaceOrientationPortrait UIInterfaceOrientationLandscapeLeft UIInterfaceOrientationLandscapeRight";
				LD_RUNPATH_SEARCH_PATHS = (
					"$(inherited)",
					"@executable_path/Frameworks",
				);
				MARKETING_VERSION = 1.0;
				PRODUCT_BUNDLE_IDENTIFIER = artur.JobsApp;
				PRODUCT_NAME = "$(TARGET_NAME)";
				SWIFT_EMIT_LOC_STRINGS = YES;
				SWIFT_VERSION = 5.0;
				TARGETED_DEVICE_FAMILY = "1,2";
			};
			name = Debug;
		};
		E5B6B2A82B5E86A800939699 /* Release */ = {
			isa = XCBuildConfiguration;
			buildSettings = {
				ASSETCATALOG_COMPILER_APPICON_NAME = AppIcon;
				ASSETCATALOG_COMPILER_GLOBAL_ACCENT_COLOR_NAME = AccentColor;
				CODE_SIGN_STYLE = Automatic;
				CURRENT_PROJECT_VERSION = 1;
				DEVELOPMENT_ASSET_PATHS = "\"JobsApp/Preview Content\"";
				ENABLE_PREVIEWS = YES;
				GENERATE_INFOPLIST_FILE = YES;
				INFOPLIST_KEY_UIApplicationSceneManifest_Generation = YES;
				INFOPLIST_KEY_UIApplicationSupportsIndirectInputEvents = YES;
				INFOPLIST_KEY_UILaunchScreen_Generation = YES;
				INFOPLIST_KEY_UISupportedInterfaceOrientations_iPad = "UIInterfaceOrientationPortrait UIInterfaceOrientationPortraitUpsideDown UIInterfaceOrientationLandscapeLeft UIInterfaceOrientationLandscapeRight";
				INFOPLIST_KEY_UISupportedInterfaceOrientations_iPhone = "UIInterfaceOrientationPortrait UIInterfaceOrientationLandscapeLeft UIInterfaceOrientationLandscapeRight";
				LD_RUNPATH_SEARCH_PATHS = (
					"$(inherited)",
					"@executable_path/Frameworks",
				);
				MARKETING_VERSION = 1.0;
				PRODUCT_BUNDLE_IDENTIFIER = artur.JobsApp;
				PRODUCT_NAME = "$(TARGET_NAME)";
				SWIFT_EMIT_LOC_STRINGS = YES;
				SWIFT_VERSION = 5.0;
				TARGETED_DEVICE_FAMILY = "1,2";
			};
			name = Release;
		};
/* End XCBuildConfiguration section */

/* Begin XCConfigurationList section */
		E5B6B2932B5E86A700939699 /* Build configuration list for PBXProject "JobsApp" */ = {
			isa = XCConfigurationList;
			buildConfigurations = (
				E5B6B2A42B5E86A800939699 /* Debug */,
				E5B6B2A52B5E86A800939699 /* Release */,
			);
			defaultConfigurationIsVisible = 0;
			defaultConfigurationName = Release;
		};
		E5B6B2A62B5E86A800939699 /* Build configuration list for PBXNativeTarget "JobsApp" */ = {
			isa = XCConfigurationList;
			buildConfigurations = (
				E5B6B2A72B5E86A800939699 /* Debug */,
				E5B6B2A82B5E86A800939699 /* Release */,
			);
			defaultConfigurationIsVisible = 0;
			defaultConfigurationName = Release;
		};
/* End XCConfigurationList section */

/* Begin XCRemoteSwiftPackageReference section */
		E5EB51D62B613863001C615B /* XCRemoteSwiftPackageReference "firebase-ios-sdk" */ = {
			isa = XCRemoteSwiftPackageReference;
			repositoryURL = "https://github.com/firebase/firebase-ios-sdk";
			requirement = {
				kind = upToNextMajorVersion;
				minimumVersion = 10.20.0;
			};
		};
/* End XCRemoteSwiftPackageReference section */

/* Begin XCSwiftPackageProductDependency section */
		E5EB51D72B613863001C615B /* FirebaseAnalytics */ = {
			isa = XCSwiftPackageProductDependency;
			package = E5EB51D62B613863001C615B /* XCRemoteSwiftPackageReference "firebase-ios-sdk" */;
			productName = FirebaseAnalytics;
		};
		E5EB51D92B613863001C615B /* FirebaseAnalyticsOnDeviceConversion */ = {
			isa = XCSwiftPackageProductDependency;
			package = E5EB51D62B613863001C615B /* XCRemoteSwiftPackageReference "firebase-ios-sdk" */;
			productName = FirebaseAnalyticsOnDeviceConversion;
		};
		E5EB51DB2B613863001C615B /* FirebaseAnalyticsSwift */ = {
			isa = XCSwiftPackageProductDependency;
			package = E5EB51D62B613863001C615B /* XCRemoteSwiftPackageReference "firebase-ios-sdk" */;
			productName = FirebaseAnalyticsSwift;
		};
		E5EB51DD2B613863001C615B /* FirebaseAnalyticsWithoutAdIdSupport */ = {
			isa = XCSwiftPackageProductDependency;
			package = E5EB51D62B613863001C615B /* XCRemoteSwiftPackageReference "firebase-ios-sdk" */;
			productName = FirebaseAnalyticsWithoutAdIdSupport;
		};
		E5EB51DF2B613863001C615B /* FirebaseAppCheck */ = {
			isa = XCSwiftPackageProductDependency;
			package = E5EB51D62B613863001C615B /* XCRemoteSwiftPackageReference "firebase-ios-sdk" */;
			productName = FirebaseAppCheck;
		};
		E5EB51E12B613863001C615B /* FirebaseAppDistribution-Beta */ = {
			isa = XCSwiftPackageProductDependency;
			package = E5EB51D62B613863001C615B /* XCRemoteSwiftPackageReference "firebase-ios-sdk" */;
			productName = "FirebaseAppDistribution-Beta";
		};
		E5EB51E32B613863001C615B /* FirebaseAuth */ = {
			isa = XCSwiftPackageProductDependency;
			package = E5EB51D62B613863001C615B /* XCRemoteSwiftPackageReference "firebase-ios-sdk" */;
			productName = FirebaseAuth;
		};
		E5EB51E52B613863001C615B /* FirebaseAuthCombine-Community */ = {
			isa = XCSwiftPackageProductDependency;
			package = E5EB51D62B613863001C615B /* XCRemoteSwiftPackageReference "firebase-ios-sdk" */;
			productName = "FirebaseAuthCombine-Community";
		};
		E5EB51E72B613863001C615B /* FirebaseCrashlytics */ = {
			isa = XCSwiftPackageProductDependency;
			package = E5EB51D62B613863001C615B /* XCRemoteSwiftPackageReference "firebase-ios-sdk" */;
			productName = FirebaseCrashlytics;
		};
		E5EB51E92B613863001C615B /* FirebaseDatabase */ = {
			isa = XCSwiftPackageProductDependency;
			package = E5EB51D62B613863001C615B /* XCRemoteSwiftPackageReference "firebase-ios-sdk" */;
			productName = FirebaseDatabase;
		};
		E5EB51EB2B613863001C615B /* FirebaseDatabaseSwift */ = {
			isa = XCSwiftPackageProductDependency;
			package = E5EB51D62B613863001C615B /* XCRemoteSwiftPackageReference "firebase-ios-sdk" */;
			productName = FirebaseDatabaseSwift;
		};
		E5EB51ED2B613863001C615B /* FirebaseDynamicLinks */ = {
			isa = XCSwiftPackageProductDependency;
			package = E5EB51D62B613863001C615B /* XCRemoteSwiftPackageReference "firebase-ios-sdk" */;
			productName = FirebaseDynamicLinks;
		};
		E5EB51EF2B613863001C615B /* FirebaseFirestore */ = {
			isa = XCSwiftPackageProductDependency;
			package = E5EB51D62B613863001C615B /* XCRemoteSwiftPackageReference "firebase-ios-sdk" */;
			productName = FirebaseFirestore;
		};
		E5EB51F12B613863001C615B /* FirebaseFirestoreCombine-Community */ = {
			isa = XCSwiftPackageProductDependency;
			package = E5EB51D62B613863001C615B /* XCRemoteSwiftPackageReference "firebase-ios-sdk" */;
			productName = "FirebaseFirestoreCombine-Community";
		};
		E5EB51F32B613863001C615B /* FirebaseFirestoreSwift */ = {
			isa = XCSwiftPackageProductDependency;
			package = E5EB51D62B613863001C615B /* XCRemoteSwiftPackageReference "firebase-ios-sdk" */;
			productName = FirebaseFirestoreSwift;
		};
		E5EB51F52B613863001C615B /* FirebaseFunctions */ = {
			isa = XCSwiftPackageProductDependency;
			package = E5EB51D62B613863001C615B /* XCRemoteSwiftPackageReference "firebase-ios-sdk" */;
			productName = FirebaseFunctions;
		};
		E5EB51F72B613863001C615B /* FirebaseFunctionsCombine-Community */ = {
			isa = XCSwiftPackageProductDependency;
			package = E5EB51D62B613863001C615B /* XCRemoteSwiftPackageReference "firebase-ios-sdk" */;
			productName = "FirebaseFunctionsCombine-Community";
		};
		E5EB51F92B613863001C615B /* FirebaseInAppMessaging-Beta */ = {
			isa = XCSwiftPackageProductDependency;
			package = E5EB51D62B613863001C615B /* XCRemoteSwiftPackageReference "firebase-ios-sdk" */;
			productName = "FirebaseInAppMessaging-Beta";
		};
		E5EB51FB2B613863001C615B /* FirebaseInAppMessagingSwift-Beta */ = {
			isa = XCSwiftPackageProductDependency;
			package = E5EB51D62B613863001C615B /* XCRemoteSwiftPackageReference "firebase-ios-sdk" */;
			productName = "FirebaseInAppMessagingSwift-Beta";
		};
		E5EB51FD2B613863001C615B /* FirebaseInstallations */ = {
			isa = XCSwiftPackageProductDependency;
			package = E5EB51D62B613863001C615B /* XCRemoteSwiftPackageReference "firebase-ios-sdk" */;
			productName = FirebaseInstallations;
		};
		E5EB51FF2B613863001C615B /* FirebaseMLModelDownloader */ = {
			isa = XCSwiftPackageProductDependency;
			package = E5EB51D62B613863001C615B /* XCRemoteSwiftPackageReference "firebase-ios-sdk" */;
			productName = FirebaseMLModelDownloader;
		};
		E5EB52012B613863001C615B /* FirebaseMessaging */ = {
			isa = XCSwiftPackageProductDependency;
			package = E5EB51D62B613863001C615B /* XCRemoteSwiftPackageReference "firebase-ios-sdk" */;
			productName = FirebaseMessaging;
		};
		E5EB52032B613863001C615B /* FirebasePerformance */ = {
			isa = XCSwiftPackageProductDependency;
			package = E5EB51D62B613863001C615B /* XCRemoteSwiftPackageReference "firebase-ios-sdk" */;
			productName = FirebasePerformance;
		};
		E5EB52052B613863001C615B /* FirebaseRemoteConfig */ = {
			isa = XCSwiftPackageProductDependency;
			package = E5EB51D62B613863001C615B /* XCRemoteSwiftPackageReference "firebase-ios-sdk" */;
			productName = FirebaseRemoteConfig;
		};
		E5EB52072B613863001C615B /* FirebaseRemoteConfigSwift */ = {
			isa = XCSwiftPackageProductDependency;
			package = E5EB51D62B613863001C615B /* XCRemoteSwiftPackageReference "firebase-ios-sdk" */;
			productName = FirebaseRemoteConfigSwift;
		};
		E5EB52092B613863001C615B /* FirebaseStorage */ = {
			isa = XCSwiftPackageProductDependency;
			package = E5EB51D62B613863001C615B /* XCRemoteSwiftPackageReference "firebase-ios-sdk" */;
			productName = FirebaseStorage;
		};
		E5EB520B2B613863001C615B /* FirebaseStorageCombine-Community */ = {
			isa = XCSwiftPackageProductDependency;
			package = E5EB51D62B613863001C615B /* XCRemoteSwiftPackageReference "firebase-ios-sdk" */;
			productName = "FirebaseStorageCombine-Community";
		};
/* End XCSwiftPackageProductDependency section */
	};
	rootObject = E5B6B2902B5E86A700939699 /* Project object */;
}
